
Microsoft Visual Studio Solution File, Format Version 12.00
# Visual Studio 15
VisualStudioVersion = 15.0.28307.168
MinimumVisualStudioVersion = 10.0.40219.1
Project("{2150E333-8FDC-42A3-9474-1A3956D46DE8}") = "Common", "Common", "{7E703417-714C-45CE-8B3E-BC4948E15B35}"
EndProject
Project("{9A19103F-16F7-4668-BE54-9A1E7A4F7556}") = "Rene.Utils.Core", "Common\Rene.Utils.Core\Rene.Utils.Core.csproj", "{F29A69BE-BA4E-487E-AC3A-D4270DEF71A5}"
EndProject
Project("{9A19103F-16F7-4668-BE54-9A1E7A4F7556}") = "Rene.Xam.Extensions", "Common\Rene.Xam.Extensions\Rene.Xam.Extensions.csproj", "{654DDE28-837B-4144-AE5A-A5CB12EFC1BD}"
EndProject
Project("{2150E333-8FDC-42A3-9474-1A3956D46DE8}") = "App", "App", "{34DA7D2E-24F4-47AD-AB8E-5BD4861245BE}"
EndProject
Project("{9A19103F-16F7-4668-BE54-9A1E7A4F7556}") = "StickyNotes", "StickyNotes\StickyNotes\StickyNotes.csproj", "{BE8ABD8E-C92A-4CD5-ABB6-00486D6C151E}"
EndProject
Project("{FAE04EC0-301F-11D3-BF4B-00C04F79EFBC}") = "StickyNotes.Android", "StickyNotes\StickyNotes.Android\StickyNotes.Android.csproj", "{DCE58BC5-316F-4997-AE12-AE2D4C11591B}"
EndProject
Global
	GlobalSection(SolutionConfigurationPlatforms) = preSolution
		Ad-Hoc|Any CPU = Ad-Hoc|Any CPU
		Ad-Hoc|iPhone = Ad-Hoc|iPhone
		Ad-Hoc|iPhoneSimulator = Ad-Hoc|iPhoneSimulator
		AppStore|Any CPU = AppStore|Any CPU
		AppStore|iPhone = AppStore|iPhone
		AppStore|iPhoneSimulator = AppStore|iPhoneSimulator
		Debug|Any CPU = Debug|Any CPU
		Debug|iPhone = Debug|iPhone
		Debug|iPhoneSimulator = Debug|iPhoneSimulator
		Release|Any CPU = Release|Any CPU
		Release|iPhone = Release|iPhone
		Release|iPhoneSimulator = Release|iPhoneSimulator
	EndGlobalSection
	GlobalSection(ProjectConfigurationPlatforms) = postSolution
		{F29A69BE-BA4E-487E-AC3A-D4270DEF71A5}.Ad-Hoc|Any CPU.ActiveCfg = Debug|Any CPU
		{F29A69BE-BA4E-487E-AC3A-D4270DEF71A5}.Ad-Hoc|Any CPU.Build.0 = Debug|Any CPU
		{F29A69BE-BA4E-487E-AC3A-D4270DEF71A5}.Ad-Hoc|iPhone.ActiveCfg = Debug|Any CPU
		{F29A69BE-BA4E-487E-AC3A-D4270DEF71A5}.Ad-Hoc|iPhone.Build.0 = Debug|Any CPU
		{F29A69BE-BA4E-487E-AC3A-D4270DEF71A5}.Ad-Hoc|iPhoneSimulator.ActiveCfg = Debug|Any CPU
		{F29A69BE-BA4E-487E-AC3A-D4270DEF71A5}.Ad-Hoc|iPhoneSimulator.Build.0 = Debug|Any CPU
		{F29A69BE-BA4E-487E-AC3A-D4270DEF71A5}.AppStore|Any CPU.ActiveCfg = Debug|Any CPU
		{F29A69BE-BA4E-487E-AC3A-D4270DEF71A5}.AppStore|Any CPU.Build.0 = Debug|Any CPU
		{F29A69BE-BA4E-487E-AC3A-D4270DEF71A5}.AppStore|iPhone.ActiveCfg = Debug|Any CPU
		{F29A69BE-BA4E-487E-AC3A-D4270DEF71A5}.AppStore|iPhone.Build.0 = Debug|Any CPU
		{F29A69BE-BA4E-487E-AC3A-D4270DEF71A5}.AppStore|iPhoneSimulator.ActiveCfg = Debug|Any CPU
		{F29A69BE-BA4E-487E-AC3A-D4270DEF71A5}.AppStore|iPhoneSimulator.Build.0 = Debug|Any CPU
		{F29A69BE-BA4E-487E-AC3A-D4270DEF71A5}.Debug|Any CPU.ActiveCfg = Debug|Any CPU
		{F29A69BE-BA4E-487E-AC3A-D4270DEF71A5}.Debug|Any CPU.Build.0 = Debug|Any CPU
		{F29A69BE-BA4E-487E-AC3A-D4270DEF71A5}.Debug|iPhone.ActiveCfg = Debug|Any CPU
		{F29A69BE-BA4E-487E-AC3A-D4270DEF71A5}.Debug|iPhone.Build.0 = Debug|Any CPU
		{F29A69BE-BA4E-487E-AC3A-D4270DEF71A5}.Debug|iPhoneSimulator.ActiveCfg = Debug|Any CPU
		{F29A69BE-BA4E-487E-AC3A-D4270DEF71A5}.Debug|iPhoneSimulator.Build.0 = Debug|Any CPU
		{F29A69BE-BA4E-487E-AC3A-D4270DEF71A5}.Release|Any CPU.ActiveCfg = Release|Any CPU
		{F29A69BE-BA4E-487E-AC3A-D4270DEF71A5}.Release|Any CPU.Build.0 = Release|Any CPU
		{F29A69BE-BA4E-487E-AC3A-D4270DEF71A5}.Release|iPhone.ActiveCfg = Release|Any CPU
		{F29A69BE-BA4E-487E-AC3A-D4270DEF71A5}.Release|iPhone.Build.0 = Release|Any CPU
		{F29A69BE-BA4E-487E-AC3A-D4270DEF71A5}.Release|iPhoneSimulator.ActiveCfg = Release|Any CPU
		{F29A69BE-BA4E-487E-AC3A-D4270DEF71A5}.Release|iPhoneSimulator.Build.0 = Release|Any CPU
		{654DDE28-837B-4144-AE5A-A5CB12EFC1BD}.Ad-Hoc|Any CPU.ActiveCfg = Debug|Any CPU
		{654DDE28-837B-4144-AE5A-A5CB12EFC1BD}.Ad-Hoc|Any CPU.Build.0 = Debug|Any CPU
		{654DDE28-837B-4144-AE5A-A5CB12EFC1BD}.Ad-Hoc|iPhone.ActiveCfg = Debug|Any CPU
		{654DDE28-837B-4144-AE5A-A5CB12EFC1BD}.Ad-Hoc|iPhone.Build.0 = Debug|Any CPU
		{654DDE28-837B-4144-AE5A-A5CB12EFC1BD}.Ad-Hoc|iPhoneSimulator.ActiveCfg = Debug|Any CPU
		{654DDE28-837B-4144-AE5A-A5CB12EFC1BD}.Ad-Hoc|iPhoneSimulator.Build.0 = Debug|Any CPU
		{654DDE28-837B-4144-AE5A-A5CB12EFC1BD}.AppStore|Any CPU.ActiveCfg = Debug|Any CPU
		{654DDE28-837B-4144-AE5A-A5CB12EFC1BD}.AppStore|Any CPU.Build.0 = Debug|Any CPU
		{654DDE28-837B-4144-AE5A-A5CB12EFC1BD}.AppStore|iPhone.ActiveCfg = Debug|Any CPU
		{654DDE28-837B-4144-AE5A-A5CB12EFC1BD}.AppStore|iPhone.Build.0 = Debug|Any CPU
		{654DDE28-837B-4144-AE5A-A5CB12EFC1BD}.AppStore|iPhoneSimulator.ActiveCfg = Debug|Any CPU
		{654DDE28-837B-4144-AE5A-A5CB12EFC1BD}.AppStore|iPhoneSimulator.Build.0 = Debug|Any CPU
		{654DDE28-837B-4144-AE5A-A5CB12EFC1BD}.Debug|Any CPU.ActiveCfg = Debug|Any CPU
		{654DDE28-837B-4144-AE5A-A5CB12EFC1BD}.Debug|Any CPU.Build.0 = Debug|Any CPU
		{654DDE28-837B-4144-AE5A-A5CB12EFC1BD}.Debug|iPhone.ActiveCfg = Debug|Any CPU
		{654DDE28-837B-4144-AE5A-A5CB12EFC1BD}.Debug|iPhone.Build.0 = Debug|Any CPU
		{654DDE28-837B-4144-AE5A-A5CB12EFC1BD}.Debug|iPhoneSimulator.ActiveCfg = Debug|Any CPU
		{654DDE28-837B-4144-AE5A-A5CB12EFC1BD}.Debug|iPhoneSimulator.Build.0 = Debug|Any CPU
		{654DDE28-837B-4144-AE5A-A5CB12EFC1BD}.Release|Any CPU.ActiveCfg = Release|Any CPU
		{654DDE28-837B-4144-AE5A-A5CB12EFC1BD}.Release|Any CPU.Build.0 = Release|Any CPU
		{654DDE28-837B-4144-AE5A-A5CB12EFC1BD}.Release|iPhone.ActiveCfg = Release|Any CPU
		{654DDE28-837B-4144-AE5A-A5CB12EFC1BD}.Release|iPhone.Build.0 = Release|Any CPU
		{654DDE28-837B-4144-AE5A-A5CB12EFC1BD}.Release|iPhoneSimulator.ActiveCfg = Release|Any CPU
		{654DDE28-837B-4144-AE5A-A5CB12EFC1BD}.Release|iPhoneSimulator.Build.0 = Release|Any CPU
		{B2EBA685-BFB3-4FE6-A23B-30C55F88E9A1}.Ad-Hoc|Any CPU.ActiveCfg = Debug|Any CPU
		{B2EBA685-BFB3-4FE6-A23B-30C55F88E9A1}.Ad-Hoc|Any CPU.Build.0 = Debug|Any CPU
		{B2EBA685-BFB3-4FE6-A23B-30C55F88E9A1}.Ad-Hoc|iPhone.ActiveCfg = Debug|Any CPU
		{B2EBA685-BFB3-4FE6-A23B-30C55F88E9A1}.Ad-Hoc|iPhone.Build.0 = Debug|Any CPU
		{B2EBA685-BFB3-4FE6-A23B-30C55F88E9A1}.Ad-Hoc|iPhoneSimulator.ActiveCfg = Debug|Any CPU
		{B2EBA685-BFB3-4FE6-A23B-30C55F88E9A1}.Ad-Hoc|iPhoneSimulator.Build.0 = Debug|Any CPU
		{B2EBA685-BFB3-4FE6-A23B-30C55F88E9A1}.AppStore|Any CPU.ActiveCfg = Debug|Any CPU
		{B2EBA685-BFB3-4FE6-A23B-30C55F88E9A1}.AppStore|Any CPU.Build.0 = Debug|Any CPU
		{B2EBA685-BFB3-4FE6-A23B-30C55F88E9A1}.AppStore|iPhone.ActiveCfg = Debug|Any CPU
		{B2EBA685-BFB3-4FE6-A23B-30C55F88E9A1}.AppStore|iPhone.Build.0 = Debug|Any CPU
		{B2EBA685-BFB3-4FE6-A23B-30C55F88E9A1}.AppStore|iPhoneSimulator.ActiveCfg = Debug|Any CPU
		{B2EBA685-BFB3-4FE6-A23B-30C55F88E9A1}.AppStore|iPhoneSimulator.Build.0 = Debug|Any CPU
		{B2EBA685-BFB3-4FE6-A23B-30C55F88E9A1}.Debug|Any CPU.ActiveCfg = Debug|Any CPU
		{B2EBA685-BFB3-4FE6-A23B-30C55F88E9A1}.Debug|Any CPU.Build.0 = Debug|Any CPU
		{B2EBA685-BFB3-4FE6-A23B-30C55F88E9A1}.Debug|iPhone.ActiveCfg = Debug|Any CPU
		{B2EBA685-BFB3-4FE6-A23B-30C55F88E9A1}.Debug|iPhone.Build.0 = Debug|Any CPU
		{B2EBA685-BFB3-4FE6-A23B-30C55F88E9A1}.Debug|iPhoneSimulator.ActiveCfg = Debug|Any CPU
		{B2EBA685-BFB3-4FE6-A23B-30C55F88E9A1}.Debug|iPhoneSimulator.Build.0 = Debug|Any CPU
		{B2EBA685-BFB3-4FE6-A23B-30C55F88E9A1}.Release|Any CPU.ActiveCfg = Release|Any CPU
		{B2EBA685-BFB3-4FE6-A23B-30C55F88E9A1}.Release|Any CPU.Build.0 = Release|Any CPU
		{B2EBA685-BFB3-4FE6-A23B-30C55F88E9A1}.Release|iPhone.ActiveCfg = Release|Any CPU
		{B2EBA685-BFB3-4FE6-A23B-30C55F88E9A1}.Release|iPhone.Build.0 = Release|Any CPU
		{B2EBA685-BFB3-4FE6-A23B-30C55F88E9A1}.Release|iPhoneSimulator.ActiveCfg = Release|Any CPU
		{B2EBA685-BFB3-4FE6-A23B-30C55F88E9A1}.Release|iPhoneSimulator.Build.0 = Release|Any CPU
		{BE8ABD8E-C92A-4CD5-ABB6-00486D6C151E}.Ad-Hoc|Any CPU.ActiveCfg = Debug|Any CPU
		{BE8ABD8E-C92A-4CD5-ABB6-00486D6C151E}.Ad-Hoc|Any CPU.Build.0 = Debug|Any CPU
		{BE8ABD8E-C92A-4CD5-ABB6-00486D6C151E}.Ad-Hoc|iPhone.ActiveCfg = Debug|Any CPU
		{BE8ABD8E-C92A-4CD5-ABB6-00486D6C151E}.Ad-Hoc|iPhone.Build.0 = Debug|Any CPU
		{BE8ABD8E-C92A-4CD5-ABB6-00486D6C151E}.Ad-Hoc|iPhoneSimulator.ActiveCfg = Debug|Any CPU
		{BE8ABD8E-C92A-4CD5-ABB6-00486D6C151E}.Ad-Hoc|iPhoneSimulator.Build.0 = Debug|Any CPU
		{BE8ABD8E-C92A-4CD5-ABB6-00486D6C151E}.AppStore|Any CPU.ActiveCfg = Debug|Any CPU
		{BE8ABD8E-C92A-4CD5-ABB6-00486D6C151E}.AppStore|Any CPU.Build.0 = Debug|Any CPU
		{BE8ABD8E-C92A-4CD5-ABB6-00486D6C151E}.AppStore|iPhone.ActiveCfg = Debug|Any CPU
		{BE8ABD8E-C92A-4CD5-ABB6-00486D6C151E}.AppStore|iPhone.Build.0 = Debug|Any CPU
		{BE8ABD8E-C92A-4CD5-ABB6-00486D6C151E}.AppStore|iPhoneSimulator.ActiveCfg = Debug|Any CPU
		{BE8ABD8E-C92A-4CD5-ABB6-00486D6C151E}.AppStore|iPhoneSimulator.Build.0 = Debug|Any CPU
		{BE8ABD8E-C92A-4CD5-ABB6-00486D6C151E}.Debug|Any CPU.ActiveCfg = Debug|Any CPU
		{BE8ABD8E-C92A-4CD5-ABB6-00486D6C151E}.Debug|Any CPU.Build.0 = Debug|Any CPU
		{BE8ABD8E-C92A-4CD5-ABB6-00486D6C151E}.Debug|iPhone.ActiveCfg = Debug|Any CPU
		{BE8ABD8E-C92A-4CD5-ABB6-00486D6C151E}.Debug|iPhone.Build.0 = Debug|Any CPU
		{BE8ABD8E-C92A-4CD5-ABB6-00486D6C151E}.Debug|iPhoneSimulator.ActiveCfg = Debug|Any CPU
		{BE8ABD8E-C92A-4CD5-ABB6-00486D6C151E}.Debug|iPhoneSimulator.Build.0 = Debug|Any CPU
		{BE8ABD8E-C92A-4CD5-ABB6-00486D6C151E}.Release|Any CPU.ActiveCfg = Release|Any CPU
		{BE8ABD8E-C92A-4CD5-ABB6-00486D6C151E}.Release|Any CPU.Build.0 = Release|Any CPU
		{BE8ABD8E-C92A-4CD5-ABB6-00486D6C151E}.Release|iPhone.ActiveCfg = Release|Any CPU
		{BE8ABD8E-C92A-4CD5-ABB6-00486D6C151E}.Release|iPhone.Build.0 = Release|Any CPU
		{BE8ABD8E-C92A-4CD5-ABB6-00486D6C151E}.Release|iPhoneSimulator.ActiveCfg = Release|Any CPU
		{BE8ABD8E-C92A-4CD5-ABB6-00486D6C151E}.Release|iPhoneSimulator.Build.0 = Release|Any CPU
		{DCE58BC5-316F-4997-AE12-AE2D4C11591B}.Ad-Hoc|Any CPU.ActiveCfg = Release|Any CPU
		{DCE58BC5-316F-4997-AE12-AE2D4C11591B}.Ad-Hoc|Any CPU.Build.0 = Release|Any CPU
		{DCE58BC5-316F-4997-AE12-AE2D4C11591B}.Ad-Hoc|Any CPU.Deploy.0 = Release|Any CPU
		{DCE58BC5-316F-4997-AE12-AE2D4C11591B}.Ad-Hoc|iPhone.ActiveCfg = Release|Any CPU
		{DCE58BC5-316F-4997-AE12-AE2D4C11591B}.Ad-Hoc|iPhone.Build.0 = Release|Any CPU
		{DCE58BC5-316F-4997-AE12-AE2D4C11591B}.Ad-Hoc|iPhone.Deploy.0 = Release|Any CPU
		{DCE58BC5-316F-4997-AE12-AE2D4C11591B}.Ad-Hoc|iPhoneSimulator.ActiveCfg = Release|Any CPU
		{DCE58BC5-316F-4997-AE12-AE2D4C11591B}.Ad-Hoc|iPhoneSimulator.Build.0 = Release|Any CPU
		{DCE58BC5-316F-4997-AE12-AE2D4C11591B}.Ad-Hoc|iPhoneSimulator.Deploy.0 = Release|Any CPU
		{DCE58BC5-316F-4997-AE12-AE2D4C11591B}.AppStore|Any CPU.ActiveCfg = Release|Any CPU
		{DCE58BC5-316F-4997-AE12-AE2D4C11591B}.AppStore|Any CPU.Build.0 = Release|Any CPU
		{DCE58BC5-316F-4997-AE12-AE2D4C11591B}.AppStore|Any CPU.Deploy.0 = Release|Any CPU
		{DCE58BC5-316F-4997-AE12-AE2D4C11591B}.AppStore|iPhone.ActiveCfg = Release|Any CPU
		{DCE58BC5-316F-4997-AE12-AE2D4C11591B}.AppStore|iPhone.Build.0 = Release|Any CPU
		{DCE58BC5-316F-4997-AE12-AE2D4C11591B}.AppStore|iPhone.Deploy.0 = Release|Any CPU
		{DCE58BC5-316F-4997-AE12-AE2D4C11591B}.AppStore|iPhoneSimulator.ActiveCfg = Release|Any CPU
		{DCE58BC5-316F-4997-AE12-AE2D4C11591B}.AppStore|iPhoneSimulator.Build.0 = Release|Any CPU
		{DCE58BC5-316F-4997-AE12-AE2D4C11591B}.AppStore|iPhoneSimulator.Deploy.0 = Release|Any CPU
		{DCE58BC5-316F-4997-AE12-AE2D4C11591B}.Debug|Any CPU.ActiveCfg = Debug|Any CPU
		{DCE58BC5-316F-4997-AE12-AE2D4C11591B}.Debug|Any CPU.Build.0 = Debug|Any CPU
		{DCE58BC5-316F-4997-AE12-AE2D4C11591B}.Debug|Any CPU.Deploy.0 = Debug|Any CPU
		{DCE58BC5-316F-4997-AE12-AE2D4C11591B}.Debug|iPhone.ActiveCfg = Debug|Any CPU
		{DCE58BC5-316F-4997-AE12-AE2D4C11591B}.Debug|iPhone.Build.0 = Debug|Any CPU
		{DCE58BC5-316F-4997-AE12-AE2D4C11591B}.Debug|iPhone.Deploy.0 = Debug|Any CPU
		{DCE58BC5-316F-4997-AE12-AE2D4C11591B}.Debug|iPhoneSimulator.ActiveCfg = Debug|Any CPU
		{DCE58BC5-316F-4997-AE12-AE2D4C11591B}.Debug|iPhoneSimulator.Build.0 = Debug|Any CPU
		{DCE58BC5-316F-4997-AE12-AE2D4C11591B}.Debug|iPhoneSimulator.Deploy.0 = Debug|Any CPU
		{DCE58BC5-316F-4997-AE12-AE2D4C11591B}.Release|Any CPU.ActiveCfg = Release|Any CPU
		{DCE58BC5-316F-4997-AE12-AE2D4C11591B}.Release|Any CPU.Build.0 = Release|Any CPU
		{DCE58BC5-316F-4997-AE12-AE2D4C11591B}.Release|Any CPU.Deploy.0 = Release|Any CPU
		{DCE58BC5-316F-4997-AE12-AE2D4C11591B}.Release|iPhone.ActiveCfg = Release|Any CPU
		{DCE58BC5-316F-4997-AE12-AE2D4C11591B}.Release|iPhone.Build.0 = Release|Any CPU
		{DCE58BC5-316F-4997-AE12-AE2D4C11591B}.Release|iPhone.Deploy.0 = Release|Any CPU
		{DCE58BC5-316F-4997-AE12-AE2D4C11591B}.Release|iPhoneSimulator.ActiveCfg = Release|Any CPU
		{DCE58BC5-316F-4997-AE12-AE2D4C11591B}.Release|iPhoneSimulator.Build.0 = Release|Any CPU
		{DCE58BC5-316F-4997-AE12-AE2D4C11591B}.Release|iPhoneSimulator.Deploy.0 = Release|Any CPU
	EndGlobalSection
	GlobalSection(SolutionProperties) = preSolution
		HideSolutionNode = FALSE
	EndGlobalSection
	GlobalSection(NestedProjects) = preSolution
		{F29A69BE-BA4E-487E-AC3A-D4270DEF71A5} = {7E703417-714C-45CE-8B3E-BC4948E15B35}
		{654DDE28-837B-4144-AE5A-A5CB12EFC1BD} = {7E703417-714C-45CE-8B3E-BC4948E15B35}
		{B2EBA685-BFB3-4FE6-A23B-30C55F88E9A1} = {7E703417-714C-45CE-8B3E-BC4948E15B35}
		{BE8ABD8E-C92A-4CD5-ABB6-00486D6C151E} = {34DA7D2E-24F4-47AD-AB8E-5BD4861245BE}
		{DCE58BC5-316F-4997-AE12-AE2D4C11591B} = {34DA7D2E-24F4-47AD-AB8E-5BD4861245BE}
	EndGlobalSection
	GlobalSection(ExtensibilityGlobals) = postSolution
		SolutionGuid = {567433AE-244F-406C-A4BD-728B80FE17BC}
	EndGlobalSection
EndGlobal
